{
  "lockfileVersion": 1,
  "configVersion": 1,
  "workspaces": {
    "": {
      "name": "2025-12-07-bm25-q",
      "dependencies": {
        "sqlite-vec": "^0.1.7-alpha.2",
      },
      "devDependencies": {
        "@types/bun": "latest",
      },
      "optionalDependencies": {
        "sqlite-vec-darwin-arm64": "^0.1.7-alpha.2",
        "sqlite-vec-darwin-x64": "^0.1.7-alpha.2",
        "sqlite-vec-linux-x64": "^0.1.7-alpha.2",
        "sqlite-vec-win32-x64": "^0.1.7-alpha.2",
      },
      "peerDependencies": {
        "typescript": "^5",
      },
    },
  },
  "packages": {
    "@types/bun": ["@types/bun@1.3.3", "", { "dependencies": { "bun-types": "1.3.3" } }, "sha512-ogrKbJ2X5N0kWLLFKeytG0eHDleBYtngtlbu9cyBKFtNL3cnpDZkNdQj8flVf6WTZUX5ulI9AY1oa7ljhSrp+g=="],

    "@types/node": ["@types/node@24.10.1", "", { "dependencies": { "undici-types": "~7.16.0" } }, "sha512-GNWcUTRBgIRJD5zj+Tq0fKOJ5XZajIiBroOF0yvj2bSU1WvNdYS/dn9UxwsujGW4JX06dnHyjV2y9rRaybH0iQ=="],

    "bun-types": ["bun-types@1.3.3", "", { "dependencies": { "@types/node": "*" } }, "sha512-z3Xwlg7j2l9JY27x5Qn3Wlyos8YAp0kKRlrePAOjgjMGS5IG6E7Jnlx736vH9UVI4wUICwwhC9anYL++XeOgTQ=="],

    "sqlite-vec": ["sqlite-vec@0.1.7-alpha.2", "", { "optionalDependencies": { "sqlite-vec-darwin-arm64": "0.1.7-alpha.2", "sqlite-vec-darwin-x64": "0.1.7-alpha.2", "sqlite-vec-linux-arm64": "0.1.7-alpha.2", "sqlite-vec-linux-x64": "0.1.7-alpha.2", "sqlite-vec-windows-x64": "0.1.7-alpha.2" } }, "sha512-rNgRCv+4V4Ed3yc33Qr+nNmjhtrMnnHzXfLVPeGb28Dx5mmDL3Ngw/Wk8vhCGjj76+oC6gnkmMG8y73BZWGBwQ=="],

    "sqlite-vec-darwin-arm64": ["sqlite-vec-darwin-arm64@0.1.7-alpha.2", "", { "os": "darwin", "cpu": "arm64" }, "sha512-raIATOqFYkeCHhb/t3r7W7Cf2lVYdf4J3ogJ6GFc8PQEgHCPEsi+bYnm2JT84MzLfTlSTIdxr4/NKv+zF7oLPw=="],

    "sqlite-vec-darwin-x64": ["sqlite-vec-darwin-x64@0.1.7-alpha.2", "", { "os": "darwin", "cpu": "x64" }, "sha512-jeZEELsQjjRsVojsvU5iKxOvkaVuE+JYC8Y4Ma8U45aAERrDYmqZoHvgSG7cg1PXL3bMlumFTAmHynf1y4pOzA=="],

    "sqlite-vec-linux-arm64": ["sqlite-vec-linux-arm64@0.1.7-alpha.2", "", { "os": "linux", "cpu": "arm64" }, "sha512-6Spj4Nfi7tG13jsUG+W7jnT0bCTWbyPImu2M8nWp20fNrd1SZ4g3CSlDAK8GBdavX7wRlbBHCZ+BDa++rbDewA=="],

    "sqlite-vec-linux-x64": ["sqlite-vec-linux-x64@0.1.7-alpha.2", "", { "os": "linux", "cpu": "x64" }, "sha512-IcgrbHaDccTVhXDf8Orwdc2+hgDLAFORl6OBUhcvlmwswwBP1hqBTSEhovClG4NItwTOBNgpwOoQ7Qp3VDPWLg=="],

    "sqlite-vec-windows-x64": ["sqlite-vec-windows-x64@0.1.7-alpha.2", "", { "os": "win32", "cpu": "x64" }, "sha512-TRP6hTjAcwvQ6xpCZvjP00pdlda8J38ArFy1lMYhtQWXiIBmWnhMaMbq4kaeCYwvTTddfidatRS+TJrwIKB/oQ=="],

    "typescript": ["typescript@5.9.3", "", { "bin": { "tsc": "bin/tsc", "tsserver": "bin/tsserver" } }, "sha512-jl1vZzPDinLr9eUt3J/t7V6FgNEw9QjvBPdysz9KfQDD41fQrC2Y4vKQdiaUpFT4bXlb1RHhLpp8wtm6M5TgSw=="],

    "undici-types": ["undici-types@7.16.0", "", {}, "sha512-Zz+aZWSj8LE6zoxD+xrjh4VfkIG8Ya6LvYkZqtUQGJPZjYl53ypCaUwWqo7eI0x66KBGeRo+mlBEkMSeSZ38Nw=="],
  }
}
